// !$*UTF8*$!
{
	archiveVersion = 1;
	classes = {
	};
	objectVersion = 48;
	objects = {

/* Begin PBXBuildFile section */
		353A39BE1FF63E7A0055157D /* AppDelegate.swift in Sources */ = {isa = PBXBuildFile; fileRef = 353A39BD1FF63E7A0055157D /* AppDelegate.swift */; };
		353A39C01FF63E7A0055157D /* SearchAlbumsVC.swift in Sources */ = {isa = PBXBuildFile; fileRef = 353A39BF1FF63E7A0055157D /* SearchAlbumsVC.swift */; };
		353A39C31FF63E7A0055157D /* Main.storyboard in Resources */ = {isa = PBXBuildFile; fileRef = 353A39C11FF63E7A0055157D /* Main.storyboard */; };
		353A39C51FF63E7A0055157D /* Assets.xcassets in Resources */ = {isa = PBXBuildFile; fileRef = 353A39C41FF63E7A0055157D /* Assets.xcassets */; };
		353A39C81FF63E7A0055157D /* LaunchScreen.storyboard in Resources */ = {isa = PBXBuildFile; fileRef = 353A39C61FF63E7A0055157D /* LaunchScreen.storyboard */; };
		35EE8F281FF64095008A5354 /* DataService.swift in Sources */ = {isa = PBXBuildFile; fileRef = 35EE8F271FF64095008A5354 /* DataService.swift */; };
		35EE8F2A1FF64141008A5354 /* AlbumInfoVC.swift in Sources */ = {isa = PBXBuildFile; fileRef = 35EE8F291FF64141008A5354 /* AlbumInfoVC.swift */; };
		35EE8F2C1FF643B9008A5354 /* Constants.swift in Sources */ = {isa = PBXBuildFile; fileRef = 35EE8F2B1FF643B9008A5354 /* Constants.swift */; };
		35EE8F2E1FF64957008A5354 /* AlbumCell.swift in Sources */ = {isa = PBXBuildFile; fileRef = 35EE8F2D1FF64957008A5354 /* AlbumCell.swift */; };
/* End PBXBuildFile section */

/* Begin PBXFileReference section */
		353A39BA1FF63E7A0055157D /* ForaSoft-TestTask.app */ = {isa = PBXFileReference; explicitFileType = wrapper.application; includeInIndex = 0; path = "ForaSoft-TestTask.app"; sourceTree = BUILT_PRODUCTS_DIR; };
		353A39BD1FF63E7A0055157D /* AppDelegate.swift */ = {isa = PBXFileReference; lastKnownFileType = sourcecode.swift; path = AppDelegate.swift; sourceTree = "<group>"; };
		353A39BF1FF63E7A0055157D /* SearchAlbumsVC.swift */ = {isa = PBXFileReference; lastKnownFileType = sourcecode.swift; path = SearchAlbumsVC.swift; sourceTree = "<group>"; };
		353A39C21FF63E7A0055157D /* Base */ = {isa = PBXFileReference; lastKnownFileType = file.storyboard; name = Base; path = Base.lproj/Main.storyboard; sourceTree = "<group>"; };
		353A39C41FF63E7A0055157D /* Assets.xcassets */ = {isa = PBXFileReference; lastKnownFileType = folder.assetcatalog; path = Assets.xcassets; sourceTree = "<group>"; };
		353A39C71FF63E7A0055157D /* Base */ = {isa = PBXFileReference; lastKnownFileType = file.storyboard; name = Base; path = Base.lproj/LaunchScreen.storyboard; sourceTree = "<group>"; };
		353A39C91FF63E7A0055157D /* Info.plist */ = {isa = PBXFileReference; lastKnownFileType = text.plist.xml; path = Info.plist; sourceTree = "<group>"; };
		35EE8F271FF64095008A5354 /* DataService.swift */ = {isa = PBXFileReference; lastKnownFileType = sourcecode.swift; path = DataService.swift; sourceTree = "<group>"; };
		35EE8F291FF64141008A5354 /* AlbumInfoVC.swift */ = {isa = PBXFileReference; lastKnownFileType = sourcecode.swift; path = AlbumInfoVC.swift; sourceTree = "<group>"; };
		35EE8F2B1FF643B9008A5354 /* Constants.swift */ = {isa = PBXFileReference; lastKnownFileType = sourcecode.swift; path = Constants.swift; sourceTree = "<group>"; };
		35EE8F2D1FF64957008A5354 /* AlbumCell.swift */ = {isa = PBXFileReference; lastKnownFileType = sourcecode.swift; path = AlbumCell.swift; sourceTree = "<group>"; };
/* End PBXFileReference section */

/* Begin PBXFrameworksBuildPhase section */
		353A39B71FF63E7A0055157D /* Frameworks */ = {
			isa = PBXFrameworksBuildPhase;
			buildActionMask = 2147483647;
			files = (
			);
			runOnlyForDeploymentPostprocessing = 0;
		};
/* End PBXFrameworksBuildPhase section */

/* Begin PBXGroup section */
		353A39B11FF63E7A0055157D = {
			isa = PBXGroup;
			children = (
				353A39BC1FF63E7A0055157D /* ForaSoft-TestTask */,
				353A39BB1FF63E7A0055157D /* Products */,
			);
			sourceTree = "<group>";
		};
		353A39BB1FF63E7A0055157D /* Products */ = {
			isa = PBXGroup;
			children = (
				353A39BA1FF63E7A0055157D /* ForaSoft-TestTask.app */,
			);
			name = Products;
			sourceTree = "<group>";
		};
		353A39BC1FF63E7A0055157D /* ForaSoft-TestTask */ = {
			isa = PBXGroup;
			children = (
				35EE8F261FF6407B008A5354 /* Services */,
				35EE8F251FF64060008A5354 /* Views */,
				35EE8F241FF64044008A5354 /* Utilities */,
				35EE8F231FF64012008A5354 /* Controllers */,
				353A39BD1FF63E7A0055157D /* AppDelegate.swift */,
				353A39C11FF63E7A0055157D /* Main.storyboard */,
				353A39C41FF63E7A0055157D /* Assets.xcassets */,
				353A39C61FF63E7A0055157D /* LaunchScreen.storyboard */,
				353A39C91FF63E7A0055157D /* Info.plist */,
			);
			path = "ForaSoft-TestTask";
			sourceTree = "<group>";
		};
		35EE8F231FF64012008A5354 /* Controllers */ = {
			isa = PBXGroup;
			children = (
				353A39BF1FF63E7A0055157D /* SearchAlbumsVC.swift */,
				35EE8F291FF64141008A5354 /* AlbumInfoVC.swift */,
			);
			path = Controllers;
			sourceTree = "<group>";
		};
		35EE8F241FF64044008A5354 /* Utilities */ = {
			isa = PBXGroup;
			children = (
				35EE8F2B1FF643B9008A5354 /* Constants.swift */,
			);
			path = Utilities;
			sourceTree = "<group>";
		};
		35EE8F251FF64060008A5354 /* Views */ = {
			isa = PBXGroup;
			children = (
				35EE8F2D1FF64957008A5354 /* AlbumCell.swift */,
			);
			path = Views;
			sourceTree = "<group>";
		};
		35EE8F261FF6407B008A5354 /* Services */ = {
			isa = PBXGroup;
			children = (
				35EE8F271FF64095008A5354 /* DataService.swift */,
			);
			path = Services;
			sourceTree = "<group>";
		};
/* End PBXGroup section */

/* Begin PBXNativeTarget section */
		353A39B91FF63E7A0055157D /* ForaSoft-TestTask */ = {
			isa = PBXNativeTarget;
			buildConfigurationList = 353A39CC1FF63E7A0055157D /* Build configuration list for PBXNativeTarget "ForaSoft-TestTask" */;
			buildPhases = (
				353A39B61FF63E7A0055157D /* Sources */,
				353A39B71FF63E7A0055157D /* Frameworks */,
				353A39B81FF63E7A0055157D /* Resources */,
			);
			buildRules = (
			);
			dependencies = (
			);
			name = "ForaSoft-TestTask";
			productName = "ForaSoft-TestTask";
			productReference = 353A39BA1FF63E7A0055157D /* ForaSoft-TestTask.app */;
			productType = "com.apple.product-type.application";
		};
/* End PBXNativeTarget section */

/* Begin PBXProject section */
		353A39B21FF63E7A0055157D /* Project object */ = {
			isa = PBXProject;
			attributes = {
				LastSwiftUpdateCheck = 0920;
				LastUpgradeCheck = 0920;
				ORGANIZATIONNAME = "Николай Маторин";
				TargetAttributes = {
					353A39B91FF63E7A0055157D = {
						CreatedOnToolsVersion = 9.2;
						ProvisioningStyle = Automatic;
					};
				};
			};
			buildConfigurationList = 353A39B51FF63E7A0055157D /* Build configuration list for PBXProject "ForaSoft-TestTask" */;
			compatibilityVersion = "Xcode 8.0";
			developmentRegion = en;
			hasScannedForEncodings = 0;
			knownRegions = (
				en,
				Base,
			);
			mainGroup = 353A39B11FF63E7A0055157D;
			productRefGroup = 353A39BB1FF63E7A0055157D /* Products */;
			projectDirPath = "";
			projectRoot = "";
			targets = (
				353A39B91FF63E7A0055157D /* ForaSoft-TestTask */,
			);
		};
/* End PBXProject section */

/* Begin PBXResourcesBuildPhase section */
		353A39B81FF63E7A0055157D /* Resources */ = {
			isa = PBXResourcesBuildPhase;
			buildActionMask = 2147483647;
			files = (
				353A39C81FF63E7A0055157D /* LaunchScreen.storyboard in Resources */,
				353A39C51FF63E7A0055157D /* Assets.xcassets in Resources */,
				353A39C31FF63E7A0055157D /* Main.storyboard in Resources */,
			);
			runOnlyForDeploymentPostprocessing = 0;
		};
/* End PBXResourcesBuildPhase section */

/* Begin PBXSourcesBuildPhase section */
		353A39B61FF63E7A0055157D /* Sources */ = {
			isa = PBXSourcesBuildPhase;
			buildActionMask = 2147483647;
			files = (
				35EE8F2C1FF643B9008A5354 /* Constants.swift in Sources */,
				35EE8F281FF64095008A5354 /* DataService.swift in Sources */,
				353A39C01FF63E7A0055157D /* SearchAlbumsVC.swift in Sources */,
				35EE8F2A1FF64141008A5354 /* AlbumInfoVC.swift in Sources */,
				353A39BE1FF63E7A0055157D /* AppDelegate.swift in Sources */,
				35EE8F2E1FF64957008A5354 /* AlbumCell.swift in Sources */,
			);
			runOnlyForDeploymentPostprocessing = 0;
		};
/* End PBXSourcesBuildPhase section */

/* Begin PBXVariantGroup section */
		353A39C11FF63E7A0055157D /* Main.storyboard */ = {
			isa = PBXVariantGroup;
			children = (
				353A39C21FF63E7A0055157D /* Base */,
			);
			name = Main.storyboard;
			sourceTree = "<group>";
		};
		353A39C61FF63E7A0055157D /* LaunchScreen.storyboard */ = {
			isa = PBXVariantGroup;
			children = (
				353A39C71FF63E7A0055157D /* Base */,
			);
			name = LaunchScreen.storyboard;
			sourceTree = "<group>";
		};
/* End PBXVariantGroup section */

/* Begin XCBuildConfiguration section */
		353A39CA1FF63E7A0055157D /* Debug */ = {
			isa = XCBuildConfiguration;
			buildSettings = {
				ALWAYS_SEARCH_USER_PATHS = NO;
				CLANG_ANALYZER_NONNULL = YES;
				CLANG_ANALYZER_NUMBER_OBJECT_CONVERSION = YES_AGGRESSIVE;
				CLANG_CXX_LANGUAGE_STANDARD = "gnu++14";
				CLANG_CXX_LIBRARY = "libc++";
				CLANG_ENABLE_MODULES = YES;
				CLANG_ENABLE_OBJC_ARC = YES;
				CLANG_WARN_BLOCK_CAPTURE_AUTORELEASING = YES;
				CLANG_WARN_BOOL_CONVERSION = YES;
				CLANG_WARN_COMMA = YES;
				CLANG_WARN_CONSTANT_CONVERSION = YES;
				CLANG_WARN_DIRECT_OBJC_ISA_USAGE = YES_ERROR;
				CLANG_WARN_DOCUMENTATION_COMMENTS = YES;
				CLANG_WARN_EMPTY_BODY = YES;
				CLANG_WARN_ENUM_CONVERSION = YES;
				CLANG_WARN_INFINITE_RECURSION = YES;
				CLANG_WARN_INT_CONVERSION = YES;
				CLANG_WARN_NON_LITERAL_NULL_CONVERSION = YES;
				CLANG_WARN_OBJC_LITERAL_CONVERSION = YES;
				CLANG_WARN_OBJC_ROOT_CLASS = YES_ERROR;
				CLANG_WARN_RANGE_LOOP_ANALYSIS = YES;
				CLANG_WARN_STRICT_PROTOTYPES = YES;
				CLANG_WARN_SUSPICIOUS_MOVE = YES;
				CLANG_WARN_UNGUARDED_AVAILABILITY = YES_AGGRESSIVE;
				CLANG_WARN_UNREACHABLE_CODE = YES;
				CLANG_WARN__DUPLICATE_METHOD_MATCH = YES;
				CODE_SIGN_IDENTITY = "iPhone Developer";
				COPY_PHASE_STRIP = NO;
				DEBUG_INFORMATION_FORMAT = dwarf;
				ENABLE_STRICT_OBJC_MSGSEND = YES;
				ENABLE_TESTABILITY = YES;
				GCC_C_LANGUAGE_STANDARD = gnu11;
				GCC_DYNAMIC_NO_PIC = NO;
				GCC_NO_COMMON_BLOCKS = YES;
				GCC_OPTIMIZATION_LEVEL = 0;
				GCC_PREPROCESSOR_DEFINITIONS = (
					"DEBUG=1",
					"$(inherited)",
				);
				GCC_WARN_64_TO_32_BIT_CONVERSION = YES;
				GCC_WARN_ABOUT_RETURN_TYPE = YES_ERROR;
				GCC_WARN_UNDECLARED_SELECTOR = YES;
				GCC_WARN_UNINITIALIZED_AUTOS = YES_AGGRESSIVE;
				GCC_WARN_UNUSED_FUNCTION = YES;
				GCC_WARN_UNUSED_VARIABLE = YES;
				IPHONEOS_DEPLOYMENT_TARGET = 11.2;
				MTL_ENABLE_DEBUG_INFO = YES;
				ONLY_ACTIVE_ARCH = YES;
				SDKROOT = iphoneos;
				SWIFT_ACTIVE_COMPILATION_CONDITIONS = DEBUG;
				SWIFT_OPTIMIZATION_LEVEL = "-Onone";
			};
			name = Debug;
		};
		353A39CB1FF63E7A0055157D /* Release */ = {
			isa = XCBuildConfiguration;
			buildSettings = {
				ALWAYS_SEARCH_USER_PATHS = NO;
				CLANG_ANALYZER_NONNULL = YES;
				CLANG_ANALYZER_NUMBER_OBJECT_CONVERSION = YES_AGGRESSIVE;
				CLANG_CXX_LANGUAGE_STANDARD = "gnu++14";
				CLANG_CXX_LIBRARY = "libc++";
				CLANG_ENABLE_MODULES = YES;
				CLANG_ENABLE_OBJC_ARC = YES;
				CLANG_WARN_BLOCK_CAPTURE_AUTORELEASING = YES;
				CLANG_WARN_BOOL_CONVERSION = YES;
				CLANG_WARN_COMMA = YES;
				CLANG_WARN_CONSTANT_CONVERSION = YES;
				CLANG_WARN_DIRECT_OBJC_ISA_USAGE = YES_ERROR;
				CLANG_WARN_DOCUMENTATION_COMMENTS = YES;
				CLANG_WARN_EMPTY_BODY = YES;
				CLANG_WARN_ENUM_CONVERSION = YES;
				CLANG_WARN_INFINITE_RECURSION = YES;
				CLANG_WARN_INT_CONVERSION = YES;
				CLANG_WARN_NON_LITERAL_NULL_CONVERSION = YES;
				CLANG_WARN_OBJC_LITERAL_CONVERSION = YES;
				CLANG_WARN_OBJC_ROOT_CLASS = YES_ERROR;
				CLANG_WARN_RANGE_LOOP_ANALYSIS = YES;
				CLANG_WARN_STRICT_PROTOTYPES = YES;
				CLANG_WARN_SUSPICIOUS_MOVE = YES;
				CLANG_WARN_UNGUARDED_AVAILABILITY = YES_AGGRESSIVE;
				CLANG_WARN_UNREACHABLE_CODE = YES;
				CLANG_WARN__DUPLICATE_METHOD_MATCH = YES;
				CODE_SIGN_IDENTITY = "iPhone Developer";
				COPY_PHASE_STRIP = NO;
				DEBUG_INFORMATION_FORMAT = "dwarf-with-dsym";
				ENABLE_NS_ASSERTIONS = NO;
				ENABLE_STRICT_OBJC_MSGSEND = YES;
				GCC_C_LANGUAGE_STANDARD = gnu11;
				GCC_NO_COMMON_BLOCKS = YES;
				GCC_WARN_64_TO_32_BIT_CONVERSION = YES;
				GCC_WARN_ABOUT_RETURN_TYPE = YES_ERROR;
				GCC_WARN_UNDECLARED_SELECTOR = YES;
				GCC_WARN_UNINITIALIZED_AUTOS = YES_AGGRESSIVE;
				GCC_WARN_UNUSED_FUNCTION = YES;
				GCC_WARN_UNUSED_VARIABLE = YES;
				IPHONEOS_DEPLOYMENT_TARGET = 11.2;
				MTL_ENABLE_DEBUG_INFO = NO;
				SDKROOT = iphoneos;
				SWIFT_OPTIMIZATION_LEVEL = "-Owholemodule";
				VALIDATE_PRODUCT = YES;
			};
			name = Release;
		};
		353A39CD1FF63E7A0055157D /* Debug */ = {
			isa = XCBuildConfiguration;
			buildSettings = {
				ASSETCATALOG_COMPILER_APPICON_NAME = AppIcon;
				CODE_SIGN_STYLE = Automatic;
				DEVELOPMENT_TEAM = MS2RMDYK3L;
				INFOPLIST_FILE = "ForaSoft-TestTask/Info.plist";
				IPHONEOS_DEPLOYMENT_TARGET = 10.0;
				LD_RUNPATH_SEARCH_PATHS = "$(inherited) @executable_path/Frameworks";
				PRODUCT_BUNDLE_IDENTIFIER = "BobKexit.ForaSoft-TestTask";
				PRODUCT_NAME = "$(TARGET_NAME)";
				SWIFT_VERSION = 4.0;
				TARGETED_DEVICE_FAMILY = "1,2";
			};
			name = Debug;
		};
		353A39CE1FF63E7A0055157D /* Release */ = {
			isa = XCBuildConfiguration;
			buildSettings = {
				ASSETCATALOG_COMPILER_APPICON_NAME = AppIcon;
				CODE_SIGN_STYLE = Automatic;
				DEVELOPMENT_TEAM = MS2RMDYK3L;
				INFOPLIST_FILE = "ForaSoft-TestTask/Info.plist";
				IPHONEOS_DEPLOYMENT_TARGET = 10.0;
				LD_RUNPATH_SEARCH_PATHS = "$(inherited) @executable_path/Frameworks";
				PRODUCT_BUNDLE_IDENTIFIER = "BobKexit.ForaSoft-TestTask";
				PRODUCT_NAME = "$(TARGET_NAME)";
				SWIFT_VERSION = 4.0;
				TARGETED_DEVICE_FAMILY = "1,2";
			};
			name = Release;
		};
/* End XCBuildConfiguration section */

/* Begin XCConfigurationList section */
		353A39B51FF63E7A0055157D /* Build configuration list for PBXProject "ForaSoft-TestTask" */ = {
			isa = XCConfigurationList;
			buildConfigurations = (
				353A39CA1FF63E7A0055157D /* Debug */,
				353A39CB1FF63E7A0055157D /* Release */,
			);
			defaultConfigurationIsVisible = 0;
			defaultConfigurationName = Release;
		};
		353A39CC1FF63E7A0055157D /* Build configuration list for PBXNativeTarget "ForaSoft-TestTask" */ = {
			isa = XCConfigurationList;
			buildConfigurations = (
				353A39CD1FF63E7A0055157D /* Debug */,
				353A39CE1FF63E7A0055157D /* Release */,
			);
			defaultConfigurationIsVisible = 0;
			defaultConfigurationName = Release;
		};
/* End XCConfigurationList section */
	};
	rootObject = 353A39B21FF63E7A0055157D /* Project object */;
}
